
Microsoft Visual Studio Solution File, Format Version 12.00
# Visual Studio Version 17
VisualStudioVersion = 17.10.35013.160
MinimumVisualStudioVersion = 10.0.40219.1
Project("{9A19103F-16F7-4668-BE54-9A1E7A4F7556}") = "BikeStoreVendor.API", "BikeStoreVendorAPI\BikeStoreVendor.API.csproj", "{B19A3E25-19C2-4320-ACA5-D6C15EAEDCB7}"
EndProject
Project("{9A19103F-16F7-4668-BE54-9A1E7A4F7556}") = "BikeStoreVendor.Data.Access", "BikeStoreVendor.Data.Access\BikeStoreVendor.Data.Access.csproj", "{D099BCD6-B67D-490E-B27B-7008E2BBB426}"
EndProject
Project("{9A19103F-16F7-4668-BE54-9A1E7A4F7556}") = "BikeStoreVendor.Data.Model", "BikeStoreVendor.Data.Model\BikeStoreVendor.Data.Model.csproj", "{90434FF9-79F8-4E36-8F18-6B20235C7F23}"
EndProject
Project("{FAE04EC0-301F-11D3-BF4B-00C04F79EFBC}") = "BikeStoreVendor.BL", "BikeStoreVendor.BL\BikeStoreVendor.BL.csproj", "{0C912C0D-ADF5-4123-8382-E23E4335D0F2}"
EndProject
Project("{FAE04EC0-301F-11D3-BF4B-00C04F79EFBC}") = "BikeStoreVendor.API.Model", "BikeStoreVendor.API.Model\BikeStoreVendor.API.Model.csproj", "{6AD1858D-5340-46D4-88D3-3D5C53D5FCB3}"
EndProject
Global
	GlobalSection(SolutionConfigurationPlatforms) = preSolution
		Debug|Any CPU = Debug|Any CPU
		Release|Any CPU = Release|Any CPU
	EndGlobalSection
	GlobalSection(ProjectConfigurationPlatforms) = postSolution
		{B19A3E25-19C2-4320-ACA5-D6C15EAEDCB7}.Debug|Any CPU.ActiveCfg = Debug|Any CPU
		{B19A3E25-19C2-4320-ACA5-D6C15EAEDCB7}.Debug|Any CPU.Build.0 = Debug|Any CPU
		{B19A3E25-19C2-4320-ACA5-D6C15EAEDCB7}.Release|Any CPU.ActiveCfg = Release|Any CPU
		{B19A3E25-19C2-4320-ACA5-D6C15EAEDCB7}.Release|Any CPU.Build.0 = Release|Any CPU
		{D099BCD6-B67D-490E-B27B-7008E2BBB426}.Debug|Any CPU.ActiveCfg = Debug|Any CPU
		{D099BCD6-B67D-490E-B27B-7008E2BBB426}.Debug|Any CPU.Build.0 = Debug|Any CPU
		{D099BCD6-B67D-490E-B27B-7008E2BBB426}.Release|Any CPU.ActiveCfg = Release|Any CPU
		{D099BCD6-B67D-490E-B27B-7008E2BBB426}.Release|Any CPU.Build.0 = Release|Any CPU
		{90434FF9-79F8-4E36-8F18-6B20235C7F23}.Debug|Any CPU.ActiveCfg = Debug|Any CPU
		{90434FF9-79F8-4E36-8F18-6B20235C7F23}.Debug|Any CPU.Build.0 = Debug|Any CPU
		{90434FF9-79F8-4E36-8F18-6B20235C7F23}.Release|Any CPU.ActiveCfg = Release|Any CPU
		{90434FF9-79F8-4E36-8F18-6B20235C7F23}.Release|Any CPU.Build.0 = Release|Any CPU
		{0C912C0D-ADF5-4123-8382-E23E4335D0F2}.Debug|Any CPU.ActiveCfg = Debug|Any CPU
		{0C912C0D-ADF5-4123-8382-E23E4335D0F2}.Debug|Any CPU.Build.0 = Debug|Any CPU
		{0C912C0D-ADF5-4123-8382-E23E4335D0F2}.Release|Any CPU.ActiveCfg = Release|Any CPU
		{0C912C0D-ADF5-4123-8382-E23E4335D0F2}.Release|Any CPU.Build.0 = Release|Any CPU
		{6AD1858D-5340-46D4-88D3-3D5C53D5FCB3}.Debug|Any CPU.ActiveCfg = Debug|Any CPU
		{6AD1858D-5340-46D4-88D3-3D5C53D5FCB3}.Debug|Any CPU.Build.0 = Debug|Any CPU
		{6AD1858D-5340-46D4-88D3-3D5C53D5FCB3}.Release|Any CPU.ActiveCfg = Release|Any CPU
		{6AD1858D-5340-46D4-88D3-3D5C53D5FCB3}.Release|Any CPU.Build.0 = Release|Any CPU
	EndGlobalSection
	GlobalSection(SolutionProperties) = preSolution
		HideSolutionNode = FALSE
	EndGlobalSection
	GlobalSection(ExtensibilityGlobals) = postSolution
		SolutionGuid = {932DCFD4-C2AD-47FD-BAA7-E2F3935D7CF2}
	EndGlobalSection
EndGlobal
